# generated by rye
# use `rye lock` or `rye sync` to update this lockfile
#
# last locked with the following flags:
#   pre: false
#   features: []
#   all-features: false
#   with-sources: false
#   generate-hashes: false
#   universal: false

-e file:.
annotated-types==0.7.0
    # via pydantic
click==8.1.7
    # via driving-log-replayer-v2
exceptiongroup==1.2.2
    # via pytest
iniconfig==2.0.0
    # via pytest
kaleido==0.2.1
    # via driving-log-replayer-v2
natsort==8.4.0
    # via driving-log-replayer-v2
numpy==2.1.0
    # via pandas
packaging==24.1
    # via plotly
    # via pytest
pandas==2.2.2
    # via driving-log-replayer-v2
plotly==5.24.0
    # via driving-log-replayer-v2
pluggy==1.5.0
    # via pytest
pydantic==2.8.2
    # via driving-log-replayer-v2
pydantic-core==2.20.1
    # via pydantic
pytest==8.3.2
python-dateutil==2.9.0.post0
    # via pandas
pytz==2024.1
    # via pandas
pyyaml==6.0.2
    # via driving-log-replayer-v2
ruff==0.6.3
simplejson==3.19.3
    # via driving-log-replayer-v2
six==1.16.0
    # via python-dateutil
tenacity==9.0.0
    # via plotly
termcolor==2.4.0
    # via driving-log-replayer-v2
toml==0.10.2
    # via driving-log-replayer-v2
tomli==2.0.1
    # via pytest
typing-extensions==4.12.2
    # via pydantic
    # via pydantic-core
tzdata==2024.1
    # via pandas
